{
  "base_image": {
    "digest": "sha256:1111111111111111111111111111111111111111111111111111111111111111",
    "reference": "python:3.12-slim@sha256:1111111111111111111111111111111111111111111111111111111111111111",
    "resolved_reference": "python:3.12-slim@sha256:1111111111111111111111111111111111111111111111111111111111111111"
  },
  "lock_version": 1,
  "manifest_hash": "292110ecf385f765940d938b6a407f808dd6e4463c31b1d9fbcd0d25263c4531",
  "node_packages": [
    {
      "kind": "pinned",
      "name": "typescript",
      "requirement": "typescript@5.8.3",
      "version": "5.8.3"
    }
  ],
  "python_packages": [
    {
      "kind": "pinned",
      "name": "requests",
      "requirement": "requests==2.32.3",
      "version": "2.32.3"
    },
    {
      "kind": "pinned",
      "name": "rich",
      "requirement": "rich==13.9.4",
      "version": "13.9.4"
    }
  ],
  "source_snapshot": {
    "access": {
      "databases": [],
      "notes": [],
      "websites": []
    },
    "agent_files": {
      "/opt/openclaw/workspace/AGENTS.md": "4809d5d9852a7629bc9c54feafc2bcaaa718bf177910f8a8322a21b7c9c95d1a",
      "/opt/openclaw/workspace/IDENTITY.md": "3efd46ee8eef926c048c79cbcbf753f661e1990e81188fe20cc980a43507db0a",
      "/opt/openclaw/workspace/SOUL.md": "78fc1ac66bae0d27dacf93ccfa1dfb45f29027880082b4517cf20e5bffcb8d5a",
      "/opt/openclaw/workspace/TOOLS.md": "6ba5c28f47578babd03b828e41d6f15d0fc9d8ec7511f404a087329a831d830c",
      "/opt/openclaw/workspace/USER.md": "8f43f72eddbafecb1f4283c885cb8963b984fc06a495e4f6d49fba91f6fca6a6",
      "/opt/openclaw/workspace/memory.md": "30cfc4b298c6b9b4c01fa83a73accf0ca754bc4c17343a34a91bcefd4b497460",
      "/opt/openclaw/workspace/skills/agent-browser-clawdbot/SKILL.md": "07d1384e657a996263d007f351db112679851ed962076af06dc68f56345b0b20",
      "/opt/openclaw/workspace/skills/deus-context-engine/SKILL.md": "6c11e5d9afdb91771b6064f7ac4be85cb17453bf4f568c2ff5b957a190ffceee",
      "/opt/openclaw/workspace/skills/free-ride/SKILL.md": "77829a9e1fccb13703e775f8b54b42947b486bf4f6db1893cc7bf04968b2b6ac",
      "/opt/openclaw/workspace/skills/incident-brief/SKILL.md": "bcaf2e442347acde52fbe3233987219e513aa818ad1ef763b9a07d309d4bfa62",
      "/opt/openclaw/workspace/skills/incident-brief/templates/report.md": "745ff63c5af28ea038062c09ec6ce67f0c9d546a5b017fd27050ae8e55e2581d",
      "/opt/openclaw/workspace/skills/self-improving-agent/SKILL.md": "348dd183f60060b72c6a6c2a08acd1bd1ce6884e20df96edbef50eedac6f9332",
      "/opt/openclaw/workspace/skills/skill-security-review/SKILL.md": "eef891b963a72400156f3a94dc5385e6d4f15aa461d00c693418f50cf3b0b902"
    },
    "openclaw": {
      "agent_id": "main",
      "agent_name": "Operations Agent",
      "sandbox": {
        "mode": "workspace-write",
        "network": "none",
        "read_only_root": false,
        "scope": "session",
        "workspace_access": "full"
      },
      "state_dir": "/opt/openclaw",
      "tools_allow": [
        "shell_command"
      ],
      "tools_deny": [],
      "workspace": "/opt/openclaw/workspace"
    },
    "project": {
      "description": "Deterministic OpenClaw image for operations support",
      "name": "ops-agent",
      "runtime": "openclaw",
      "version": "1.2.3"
    },
    "raw_manifest_sha256": "13c1fa47e9091c45e4506e4512a7ff3d8df86d42dfe62cdd03862cf313533771",
    "runtime": {
      "base_image": "python:3.12-slim@sha256:1111111111111111111111111111111111111111111111111111111111111111",
      "env": {
        "OPENCLAWENV_PROJECT": "ops-agent",
        "PYTHONUNBUFFERED": "1"
      },
      "node_packages": [
        "typescript@5.8.3"
      ],
      "python_packages": [
        "requests==2.32.3",
        "rich==13.9.4"
      ],
      "python_version": "3.12",
      "secret_refs": [
        {
          "name": "OPENAI_API_KEY",
          "required": true,
          "source": "env:OPENAI_API_KEY"
        }
      ],
      "system_packages": [
        "git",
        "curl",
        "chromium"
      ],
      "user": "agent",
      "workdir": "/workspace"
    },
    "skills": [
      {
        "assets": {},
        "content_sha256": "6c11e5d9afdb91771b6064f7ac4be85cb17453bf4f568c2ff5b957a190ffceee",
        "description": "Always-installed skill referenced from catalog source deus-context-engine",
        "name": "deus-context-engine",
        "source": "deus-context-engine"
      },
      {
        "assets": {},
        "content_sha256": "348dd183f60060b72c6a6c2a08acd1bd1ce6884e20df96edbef50eedac6f9332",
        "description": "Always-installed skill referenced from catalog source self-improving-agent",
        "name": "self-improving-agent",
        "source": "self-improving-agent"
      },
      {
        "assets": {},
        "content_sha256": "eef891b963a72400156f3a94dc5385e6d4f15aa461d00c693418f50cf3b0b902",
        "description": "Always-installed skill referenced from catalog source skill-security-review",
        "name": "skill-security-review",
        "source": "skill-security-review"
      },
      {
        "assets": {},
        "content_sha256": "77829a9e1fccb13703e775f8b54b42947b486bf4f6db1893cc7bf04968b2b6ac",
        "description": "Always-installed skill referenced from catalog source freeride",
        "name": "free-ride",
        "source": "freeride"
      },
      {
        "assets": {},
        "content_sha256": "07d1384e657a996263d007f351db112679851ed962076af06dc68f56345b0b20",
        "description": "Always-installed skill referenced from catalog source agent-browser-clawdbot",
        "name": "agent-browser-clawdbot",
        "source": "agent-browser-clawdbot"
      },
      {
        "assets": {
          "templates/report.md": "745ff63c5af28ea038062c09ec6ce67f0c9d546a5b017fd27050ae8e55e2581d"
        },
        "content_sha256": "bcaf2e442347acde52fbe3233987219e513aa818ad1ef763b9a07d309d4bfa62",
        "description": "Prepare concise incident reports from logs and dashboards.",
        "name": "incident-brief",
        "source": null
      }
    ]
  },
  "system_packages": [
    "git",
    "curl",
    "chromium"
  ]
}
